
Microsoft Visual Studio Solution File, Format Version 12.00
# Visual Studio 15
VisualStudioVersion = 15.0.28307.539
MinimumVisualStudioVersion = 10.0.40219.1
Project("{FAE04EC0-301F-11D3-BF4B-00C04F79EFBC}") = "PeakValleyAnalysis", "PeakValleyAnalysis\PeakValleyAnalysis.csproj", "{3D08E67F-FCC1-41C3-A4F6-08F94D60B7B0}"
EndProject
Project("{FAE04EC0-301F-11D3-BF4B-00C04F79EFBC}") = "PeakValley.Tests", "PeakValley.Tests\PeakValley.Tests.csproj", "{87F5A244-C2D9-4F1B-A1B1-DAE6FC03B671}"
EndProject
Global
	GlobalSection(SolutionConfigurationPlatforms) = preSolution
		Debug|Any CPU = Debug|Any CPU
		Release|Any CPU = Release|Any CPU
	EndGlobalSection
	GlobalSection(ProjectConfigurationPlatforms) = postSolution
		{3D08E67F-FCC1-41C3-A4F6-08F94D60B7B0}.Debug|Any CPU.ActiveCfg = Debug|Any CPU
		{3D08E67F-FCC1-41C3-A4F6-08F94D60B7B0}.Debug|Any CPU.Build.0 = Debug|Any CPU
		{3D08E67F-FCC1-41C3-A4F6-08F94D60B7B0}.Release|Any CPU.ActiveCfg = Release|Any CPU
		{3D08E67F-FCC1-41C3-A4F6-08F94D60B7B0}.Release|Any CPU.Build.0 = Release|Any CPU
		{87F5A244-C2D9-4F1B-A1B1-DAE6FC03B671}.Debug|Any CPU.ActiveCfg = Debug|Any CPU
		{87F5A244-C2D9-4F1B-A1B1-DAE6FC03B671}.Debug|Any CPU.Build.0 = Debug|Any CPU
		{87F5A244-C2D9-4F1B-A1B1-DAE6FC03B671}.Release|Any CPU.ActiveCfg = Release|Any CPU
		{87F5A244-C2D9-4F1B-A1B1-DAE6FC03B671}.Release|Any CPU.Build.0 = Release|Any CPU
	EndGlobalSection
	GlobalSection(SolutionProperties) = preSolution
		HideSolutionNode = FALSE
	EndGlobalSection
	GlobalSection(ExtensibilityGlobals) = postSolution
		SolutionGuid = {59F3DA27-8B7E-4F08-A6A7-C91EA0F3D116}
	EndGlobalSection
EndGlobal
